
Microsoft Visual Studio Solution File, Format Version 12.00
# Visual Studio Version 17
VisualStudioVersion = 17.0.31903.59
MinimumVisualStudioVersion = 10.0.40219.1
Project("{2150E333-8FDC-42A3-9474-1A3956D46DE8}") = "src", "src", "{CE8DB4F0-350C-41B2-AA92-4CA1FBA0BEEA}"
EndProject
Project("{2150E333-8FDC-42A3-9474-1A3956D46DE8}") = "Services", "Services", "{AA9CD7B9-7161-485A-B593-1641197DDFB0}"
EndProject
Project("{2150E333-8FDC-42A3-9474-1A3956D46DE8}") = "Patient", "Patient", "{F3262CBE-F791-49B2-B888-6C68D08284F7}"
EndProject
Project("{2150E333-8FDC-42A3-9474-1A3956D46DE8}") = "Appointment", "Appointment", "{4D7E67EE-A380-480B-A1AF-508F884E47BC}"
EndProject
Project("{2150E333-8FDC-42A3-9474-1A3956D46DE8}") = "Billing", "Billing", "{1CCF2D3B-9286-47E1-8E03-C78446728F4F}"
EndProject
Project("{9A19103F-16F7-4668-BE54-9A1E7A4F7556}") = "Appointment.Api", "src\Services\Appointment\Appointment.Api\Appointment.Api.csproj", "{95AD1D08-9BB3-43AC-B6EB-7E0EEAB60FBF}"
EndProject
Project("{9A19103F-16F7-4668-BE54-9A1E7A4F7556}") = "Billing.Api", "src\Services\Billing\Billing.Api\Billing.Api.csproj", "{874FCA9A-0B17-4ACE-B689-0FBF7DFC62D4}"
EndProject
Project("{9A19103F-16F7-4668-BE54-9A1E7A4F7556}") = "Patient.Api", "src\Services\Patient\Patient.Api\Patient.Api.csproj", "{40D054C0-7B70-41F9-AE80-218ED9E5A488}"
EndProject
Project("{2150E333-8FDC-42A3-9474-1A3956D46DE8}") = "Shared", "Shared", "{74E6CD91-13D2-4907-BB85-ED57C8FC69BC}"
EndProject
Project("{9A19103F-16F7-4668-BE54-9A1E7A4F7556}") = "Shared", "src\Shared\Shared\Shared.csproj", "{8F925786-E5BE-4641-ABF3-179965241643}"
EndProject
Project("{2150E333-8FDC-42A3-9474-1A3956D46DE8}") = "Staff", "Staff", "{CB6B6850-B45A-4AEC-BCEB-325B35A63D5D}"
EndProject
Project("{9A19103F-16F7-4668-BE54-9A1E7A4F7556}") = "Staff.Api", "src\Services\Staff\Staff.Api\Staff.Api.csproj", "{5B123F76-3D93-4375-94D7-4CC04AF6DF75}"
EndProject
Project("{2150E333-8FDC-42A3-9474-1A3956D46DE8}") = "Gateway", "Gateway", "{A205FEF5-7F2B-49BC-89A6-5DD131D577C8}"
EndProject
Project("{FAE04EC0-301F-11D3-BF4B-00C04F79EFBC}") = "Gateway.Api", "src\Gateway\Gateway.Api\Gateway.Api.csproj", "{F5EED450-537F-47AF-B4BF-5061DB63AE77}"
EndProject
Global
	GlobalSection(SolutionConfigurationPlatforms) = preSolution
		Debug|Any CPU = Debug|Any CPU
		Release|Any CPU = Release|Any CPU
	EndGlobalSection
	GlobalSection(ProjectConfigurationPlatforms) = postSolution
		{95AD1D08-9BB3-43AC-B6EB-7E0EEAB60FBF}.Debug|Any CPU.ActiveCfg = Debug|Any CPU
		{95AD1D08-9BB3-43AC-B6EB-7E0EEAB60FBF}.Debug|Any CPU.Build.0 = Debug|Any CPU
		{95AD1D08-9BB3-43AC-B6EB-7E0EEAB60FBF}.Release|Any CPU.ActiveCfg = Release|Any CPU
		{95AD1D08-9BB3-43AC-B6EB-7E0EEAB60FBF}.Release|Any CPU.Build.0 = Release|Any CPU
		{874FCA9A-0B17-4ACE-B689-0FBF7DFC62D4}.Debug|Any CPU.ActiveCfg = Debug|Any CPU
		{874FCA9A-0B17-4ACE-B689-0FBF7DFC62D4}.Debug|Any CPU.Build.0 = Debug|Any CPU
		{874FCA9A-0B17-4ACE-B689-0FBF7DFC62D4}.Release|Any CPU.ActiveCfg = Release|Any CPU
		{874FCA9A-0B17-4ACE-B689-0FBF7DFC62D4}.Release|Any CPU.Build.0 = Release|Any CPU
		{40D054C0-7B70-41F9-AE80-218ED9E5A488}.Debug|Any CPU.ActiveCfg = Debug|Any CPU
		{40D054C0-7B70-41F9-AE80-218ED9E5A488}.Debug|Any CPU.Build.0 = Debug|Any CPU
		{40D054C0-7B70-41F9-AE80-218ED9E5A488}.Release|Any CPU.ActiveCfg = Release|Any CPU
		{40D054C0-7B70-41F9-AE80-218ED9E5A488}.Release|Any CPU.Build.0 = Release|Any CPU
		{8F925786-E5BE-4641-ABF3-179965241643}.Debug|Any CPU.ActiveCfg = Debug|Any CPU
		{8F925786-E5BE-4641-ABF3-179965241643}.Debug|Any CPU.Build.0 = Debug|Any CPU
		{8F925786-E5BE-4641-ABF3-179965241643}.Release|Any CPU.ActiveCfg = Release|Any CPU
		{8F925786-E5BE-4641-ABF3-179965241643}.Release|Any CPU.Build.0 = Release|Any CPU
		{5B123F76-3D93-4375-94D7-4CC04AF6DF75}.Debug|Any CPU.ActiveCfg = Debug|Any CPU
		{5B123F76-3D93-4375-94D7-4CC04AF6DF75}.Debug|Any CPU.Build.0 = Debug|Any CPU
		{5B123F76-3D93-4375-94D7-4CC04AF6DF75}.Release|Any CPU.ActiveCfg = Release|Any CPU
		{5B123F76-3D93-4375-94D7-4CC04AF6DF75}.Release|Any CPU.Build.0 = Release|Any CPU
		{F5EED450-537F-47AF-B4BF-5061DB63AE77}.Debug|Any CPU.ActiveCfg = Debug|Any CPU
		{F5EED450-537F-47AF-B4BF-5061DB63AE77}.Debug|Any CPU.Build.0 = Debug|Any CPU
		{F5EED450-537F-47AF-B4BF-5061DB63AE77}.Release|Any CPU.ActiveCfg = Release|Any CPU
		{F5EED450-537F-47AF-B4BF-5061DB63AE77}.Release|Any CPU.Build.0 = Release|Any CPU
	EndGlobalSection
	GlobalSection(SolutionProperties) = preSolution
		HideSolutionNode = FALSE
	EndGlobalSection
	GlobalSection(NestedProjects) = preSolution
		{AA9CD7B9-7161-485A-B593-1641197DDFB0} = {CE8DB4F0-350C-41B2-AA92-4CA1FBA0BEEA}
		{F3262CBE-F791-49B2-B888-6C68D08284F7} = {AA9CD7B9-7161-485A-B593-1641197DDFB0}
		{4D7E67EE-A380-480B-A1AF-508F884E47BC} = {AA9CD7B9-7161-485A-B593-1641197DDFB0}
		{1CCF2D3B-9286-47E1-8E03-C78446728F4F} = {AA9CD7B9-7161-485A-B593-1641197DDFB0}
		{95AD1D08-9BB3-43AC-B6EB-7E0EEAB60FBF} = {4D7E67EE-A380-480B-A1AF-508F884E47BC}
		{874FCA9A-0B17-4ACE-B689-0FBF7DFC62D4} = {1CCF2D3B-9286-47E1-8E03-C78446728F4F}
		{40D054C0-7B70-41F9-AE80-218ED9E5A488} = {F3262CBE-F791-49B2-B888-6C68D08284F7}
		{74E6CD91-13D2-4907-BB85-ED57C8FC69BC} = {CE8DB4F0-350C-41B2-AA92-4CA1FBA0BEEA}
		{8F925786-E5BE-4641-ABF3-179965241643} = {74E6CD91-13D2-4907-BB85-ED57C8FC69BC}
		{CB6B6850-B45A-4AEC-BCEB-325B35A63D5D} = {AA9CD7B9-7161-485A-B593-1641197DDFB0}
		{5B123F76-3D93-4375-94D7-4CC04AF6DF75} = {CB6B6850-B45A-4AEC-BCEB-325B35A63D5D}
		{A205FEF5-7F2B-49BC-89A6-5DD131D577C8} = {CE8DB4F0-350C-41B2-AA92-4CA1FBA0BEEA}
		{F5EED450-537F-47AF-B4BF-5061DB63AE77} = {A205FEF5-7F2B-49BC-89A6-5DD131D577C8}
	EndGlobalSection
	GlobalSection(ExtensibilityGlobals) = postSolution
		SolutionGuid = {5DCAA6DF-FEA8-46B9-877C-F33A611D4204}
	EndGlobalSection
EndGlobal
